
Microsoft Visual Studio Solution File, Format Version 12.00
# Visual Studio 2015
Project("{FAE04EC0-301F-11D3-BF4B-00C04F79EFBC}") = "Sigilscape.CSharp", "Sigilscape.CSharp.csproj", "{D7D14CD8-9A3C-6839-C398-75E8464A59BB}"
EndProject
Global
	GlobalSection(SolutionConfigurationPlatforms) = preSolution
		Debug|Any CPU = Debug|Any CPU
		Release|Any CPU = Release|Any CPU
	EndGlobalSection
	GlobalSection(ProjectConfigurationPlatforms) = postSolution
		{D7D14CD8-9A3C-6839-C398-75E8464A59BB}.Debug|Any CPU.ActiveCfg = Debug|Any CPU
		{D7D14CD8-9A3C-6839-C398-75E8464A59BB}.Debug|Any CPU.Build.0 = Debug|Any CPU
		{D7D14CD8-9A3C-6839-C398-75E8464A59BB}.Release|Any CPU.ActiveCfg = Release|Any CPU
		{D7D14CD8-9A3C-6839-C398-75E8464A59BB}.Release|Any CPU.Build.0 = Release|Any CPU
	EndGlobalSection
	GlobalSection(SolutionProperties) = preSolution
		HideSolutionNode = FALSE
	EndGlobalSection
EndGlobal
